
Microsoft Visual Studio Solution File, Format Version 12.00
# Visual Studio 2013
VisualStudioVersion = 12.0.31101.0
MinimumVisualStudioVersion = 10.0.40219.1
Project("{FAE04EC0-301F-11D3-BF4B-00C04F79EFBC}") = "ChangeSurname", "ChangeSurname\ChangeSurname.csproj", "{54D62C40-398F-456A-877C-2111B9428E35}"
EndProject
Project("{FAE04EC0-301F-11D3-BF4B-00C04F79EFBC}") = "DismissEmployee", "DismissEmployee\DismissEmployee.csproj", "{2174739A-96C7-4413-994B-42B51E38D7FE}"
EndProject
Project("{FAE04EC0-301F-11D3-BF4B-00C04F79EFBC}") = "LoadPluginTest", "LoadPluginTest\LoadPluginTest.csproj", "{B0F81287-E67D-4B04-AAD6-C35E702BFF9E}"
EndProject
Project("{FAE04EC0-301F-11D3-BF4B-00C04F79EFBC}") = "AutoReplyAndForwarding", "AutoReplyAndForwarding\AutoReplyAndForwarding.csproj", "{A0BE33FF-E1FC-4493-8D9B-1102556C203E}"
EndProject
Project("{FAE04EC0-301F-11D3-BF4B-00C04F79EFBC}") = "GetInfoFromExchange", "GetInfoFromExchange\GetInfoFromExchange.csproj", "{21E81436-5B09-45A1-99C1-2464AC4C201E}"
EndProject
Project("{FAE04EC0-301F-11D3-BF4B-00C04F79EFBC}") = "RussificationOutlookFolders", "RussificationOutlookFolders\RussificationOutlookFolders.csproj", "{3988A740-248E-45C8-8AC0-0006ED2FBEB7}"
EndProject
Project("{FAE04EC0-301F-11D3-BF4B-00C04F79EFBC}") = "CreateUsers", "CreateUsers\CreateUsers.csproj", "{A525A66D-6356-40EF-A97F-3FE165482AF1}"
EndProject
Global
	GlobalSection(SolutionConfigurationPlatforms) = preSolution
		Debug|Any CPU = Debug|Any CPU
		Release|Any CPU = Release|Any CPU
	EndGlobalSection
	GlobalSection(ProjectConfigurationPlatforms) = postSolution
		{54D62C40-398F-456A-877C-2111B9428E35}.Debug|Any CPU.ActiveCfg = Debug|Any CPU
		{54D62C40-398F-456A-877C-2111B9428E35}.Debug|Any CPU.Build.0 = Debug|Any CPU
		{54D62C40-398F-456A-877C-2111B9428E35}.Release|Any CPU.ActiveCfg = Release|Any CPU
		{54D62C40-398F-456A-877C-2111B9428E35}.Release|Any CPU.Build.0 = Release|Any CPU
		{2174739A-96C7-4413-994B-42B51E38D7FE}.Debug|Any CPU.ActiveCfg = Debug|Any CPU
		{2174739A-96C7-4413-994B-42B51E38D7FE}.Debug|Any CPU.Build.0 = Debug|Any CPU
		{2174739A-96C7-4413-994B-42B51E38D7FE}.Release|Any CPU.ActiveCfg = Release|Any CPU
		{2174739A-96C7-4413-994B-42B51E38D7FE}.Release|Any CPU.Build.0 = Release|Any CPU
		{B0F81287-E67D-4B04-AAD6-C35E702BFF9E}.Debug|Any CPU.ActiveCfg = Debug|Any CPU
		{B0F81287-E67D-4B04-AAD6-C35E702BFF9E}.Debug|Any CPU.Build.0 = Debug|Any CPU
		{B0F81287-E67D-4B04-AAD6-C35E702BFF9E}.Release|Any CPU.ActiveCfg = Release|Any CPU
		{B0F81287-E67D-4B04-AAD6-C35E702BFF9E}.Release|Any CPU.Build.0 = Release|Any CPU
		{A0BE33FF-E1FC-4493-8D9B-1102556C203E}.Debug|Any CPU.ActiveCfg = Debug|Any CPU
		{A0BE33FF-E1FC-4493-8D9B-1102556C203E}.Debug|Any CPU.Build.0 = Debug|Any CPU
		{A0BE33FF-E1FC-4493-8D9B-1102556C203E}.Release|Any CPU.ActiveCfg = Release|Any CPU
		{A0BE33FF-E1FC-4493-8D9B-1102556C203E}.Release|Any CPU.Build.0 = Release|Any CPU
		{21E81436-5B09-45A1-99C1-2464AC4C201E}.Debug|Any CPU.ActiveCfg = Debug|Any CPU
		{21E81436-5B09-45A1-99C1-2464AC4C201E}.Debug|Any CPU.Build.0 = Debug|Any CPU
		{21E81436-5B09-45A1-99C1-2464AC4C201E}.Release|Any CPU.ActiveCfg = Release|Any CPU
		{21E81436-5B09-45A1-99C1-2464AC4C201E}.Release|Any CPU.Build.0 = Release|Any CPU
		{3988A740-248E-45C8-8AC0-0006ED2FBEB7}.Debug|Any CPU.ActiveCfg = Debug|Any CPU
		{3988A740-248E-45C8-8AC0-0006ED2FBEB7}.Debug|Any CPU.Build.0 = Debug|Any CPU
		{3988A740-248E-45C8-8AC0-0006ED2FBEB7}.Release|Any CPU.ActiveCfg = Release|Any CPU
		{3988A740-248E-45C8-8AC0-0006ED2FBEB7}.Release|Any CPU.Build.0 = Release|Any CPU
		{A525A66D-6356-40EF-A97F-3FE165482AF1}.Debug|Any CPU.ActiveCfg = Debug|Any CPU
		{A525A66D-6356-40EF-A97F-3FE165482AF1}.Debug|Any CPU.Build.0 = Debug|Any CPU
		{A525A66D-6356-40EF-A97F-3FE165482AF1}.Release|Any CPU.ActiveCfg = Release|Any CPU
		{A525A66D-6356-40EF-A97F-3FE165482AF1}.Release|Any CPU.Build.0 = Release|Any CPU
	EndGlobalSection
	GlobalSection(SolutionProperties) = preSolution
		HideSolutionNode = FALSE
	EndGlobalSection
EndGlobal
